{
  "name": "ts-template",
  "version": "1.0.0",
  "lockfileVersion": 1,
  "requires": true,
  "dependencies": {
    "@types/commander": {
      "version": "2.12.2",
      "resolved": "http://r.cnpmjs.org/@types/commander/download/@types/commander-2.12.2.tgz",
      "integrity": "sha1-GDBBojhC1CgUePpdI8XKeOb9CK4=",
      "requires": {
        "commander": "2.19.0"
      }
    },
    "@types/node": {
      "version": "10.12.0",
      "resolved": "http://r.cnpmjs.org/@types/node/download/@types/node-10.12.0.tgz",
      "integrity": "sha1-6m3L3bxbWEyD8Gxg6Cc22PuwwjU="
    },
    "@types/uuid": {
      "version": "3.4.4",
      "resolved": "http://r.cnpmjs.org/@types/uuid/download/@types/uuid-3.4.4.tgz",
      "integrity": "sha1-evaTYPpl7w3stB/RUL9MpcDO/fU=",
      "dev": true,
      "requires": {
        "@types/node": "10.12.0"
      }
    },
    "commander": {
      "version": "2.19.0",
      "resolved": "http://r.cnpmjs.org/commander/download/commander-2.19.0.tgz",
      "integrity": "sha1-9hmKqE5bg8RgVLlN3tv+1e6f8So="
    },
    "uuid": {
      "version": "3.3.2",
      "resolved": "http://r.cnpmjs.org/uuid/download/uuid-3.3.2.tgz",
      "integrity": "sha1-G0r0lV6zB3xQHCOHL8ZROBFYcTE=",
      "dev": true
    }
  }
}
